// !$*UTF8*$!
{
	archiveVersion = 1;
	classes = {
	};
	objectVersion = 50;
	objects = {

/* Begin PBXBuildFile section */
		503A99B221A917880026BB9E /* AppDelegate.swift in Sources */ = {isa = PBXBuildFile; fileRef = 503A99B121A917880026BB9E /* AppDelegate.swift */; };
		503A99B421A917880026BB9E /* ViewController.swift in Sources */ = {isa = PBXBuildFile; fileRef = 503A99B321A917880026BB9E /* ViewController.swift */; };
		503A99B721A917880026BB9E /* Main.storyboard in Resources */ = {isa = PBXBuildFile; fileRef = 503A99B521A917880026BB9E /* Main.storyboard */; };
		503A99B921A9178A0026BB9E /* Assets.xcassets in Resources */ = {isa = PBXBuildFile; fileRef = 503A99B821A9178A0026BB9E /* Assets.xcassets */; };
		503A99BC21A9178A0026BB9E /* LaunchScreen.storyboard in Resources */ = {isa = PBXBuildFile; fileRef = 503A99BA21A9178A0026BB9E /* LaunchScreen.storyboard */; };
		503A99C721A9178A0026BB9E /* ConcentrationTests.swift in Sources */ = {isa = PBXBuildFile; fileRef = 503A99C621A9178A0026BB9E /* ConcentrationTests.swift */; };
		503A99D221A9178A0026BB9E /* ConcentrationUITests.swift in Sources */ = {isa = PBXBuildFile; fileRef = 503A99D121A9178A0026BB9E /* ConcentrationUITests.swift */; };
		503A99E121AEE09E0026BB9E /* Concentration.swift in Sources */ = {isa = PBXBuildFile; fileRef = 503A99E021AEE09E0026BB9E /* Concentration.swift */; };
		503A99E321AEE0A90026BB9E /* Card.swift in Sources */ = {isa = PBXBuildFile; fileRef = 503A99E221AEE0A90026BB9E /* Card.swift */; };
/* End PBXBuildFile section */

/* Begin PBXContainerItemProxy section */
		503A99C321A9178A0026BB9E /* PBXContainerItemProxy */ = {
			isa = PBXContainerItemProxy;
			containerPortal = 503A99A621A917880026BB9E /* Project object */;
			proxyType = 1;
			remoteGlobalIDString = 503A99AD21A917880026BB9E;
			remoteInfo = Concentration;
		};
		503A99CE21A9178A0026BB9E /* PBXContainerItemProxy */ = {
			isa = PBXContainerItemProxy;
			containerPortal = 503A99A621A917880026BB9E /* Project object */;
			proxyType = 1;
			remoteGlobalIDString = 503A99AD21A917880026BB9E;
			remoteInfo = Concentration;
		};
/* End PBXContainerItemProxy section */

/* Begin PBXFileReference section */
		503A99AE21A917880026BB9E /* Concentration.app */ = {isa = PBXFileReference; explicitFileType = wrapper.application; includeInIndex = 0; path = Concentration.app; sourceTree = BUILT_PRODUCTS_DIR; };
		503A99B121A917880026BB9E /* AppDelegate.swift */ = {isa = PBXFileReference; lastKnownFileType = sourcecode.swift; path = AppDelegate.swift; sourceTree = "<group>"; };
		503A99B321A917880026BB9E /* ViewController.swift */ = {isa = PBXFileReference; lastKnownFileType = sourcecode.swift; path = ViewController.swift; sourceTree = "<group>"; };
		503A99B621A917880026BB9E /* Base */ = {isa = PBXFileReference; lastKnownFileType = file.storyboard; name = Base; path = Base.lproj/Main.storyboard; sourceTree = "<group>"; };
		503A99B821A9178A0026BB9E /* Assets.xcassets */ = {isa = PBXFileReference; lastKnownFileType = folder.assetcatalog; path = Assets.xcassets; sourceTree = "<group>"; };
		503A99BB21A9178A0026BB9E /* Base */ = {isa = PBXFileReference; lastKnownFileType = file.storyboard; name = Base; path = Base.lproj/LaunchScreen.storyboard; sourceTree = "<group>"; };
		503A99BD21A9178A0026BB9E /* Info.plist */ = {isa = PBXFileReference; lastKnownFileType = text.plist.xml; path = Info.plist; sourceTree = "<group>"; };
		503A99C221A9178A0026BB9E /* ConcentrationTests.xctest */ = {isa = PBXFileReference; explicitFileType = wrapper.cfbundle; includeInIndex = 0; path = ConcentrationTests.xctest; sourceTree = BUILT_PRODUCTS_DIR; };
		503A99C621A9178A0026BB9E /* ConcentrationTests.swift */ = {isa = PBXFileReference; lastKnownFileType = sourcecode.swift; path = ConcentrationTests.swift; sourceTree = "<group>"; };
		503A99C821A9178A0026BB9E /* Info.plist */ = {isa = PBXFileReference; lastKnownFileType = text.plist.xml; path = Info.plist; sourceTree = "<group>"; };
		503A99CD21A9178A0026BB9E /* ConcentrationUITests.xctest */ = {isa = PBXFileReference; explicitFileType = wrapper.cfbundle; includeInIndex = 0; path = ConcentrationUITests.xctest; sourceTree = BUILT_PRODUCTS_DIR; };
		503A99D121A9178A0026BB9E /* ConcentrationUITests.swift */ = {isa = PBXFileReference; lastKnownFileType = sourcecode.swift; path = ConcentrationUITests.swift; sourceTree = "<group>"; };
		503A99D321A9178A0026BB9E /* Info.plist */ = {isa = PBXFileReference; lastKnownFileType = text.plist.xml; path = Info.plist; sourceTree = "<group>"; };
		503A99E021AEE09E0026BB9E /* Concentration.swift */ = {isa = PBXFileReference; lastKnownFileType = sourcecode.swift; path = Concentration.swift; sourceTree = "<group>"; };
		503A99E221AEE0A90026BB9E /* Card.swift */ = {isa = PBXFileReference; lastKnownFileType = sourcecode.swift; path = Card.swift; sourceTree = "<group>"; };
/* End PBXFileReference section */

/* Begin PBXFrameworksBuildPhase section */
		503A99AB21A917880026BB9E /* Frameworks */ = {
			isa = PBXFrameworksBuildPhase;
			buildActionMask = 2147483647;
			files = (
			);
			runOnlyForDeploymentPostprocessing = 0;
		};
		503A99BF21A9178A0026BB9E /* Frameworks */ = {
			isa = PBXFrameworksBuildPhase;
			buildActionMask = 2147483647;
			files = (
			);
			runOnlyForDeploymentPostprocessing = 0;
		};
		503A99CA21A9178A0026BB9E /* Frameworks */ = {
			isa = PBXFrameworksBuildPhase;
			buildActionMask = 2147483647;
			files = (
			);
			runOnlyForDeploymentPostprocessing = 0;
		};
/* End PBXFrameworksBuildPhase section */

/* Begin PBXGroup section */
		503A99A521A917880026BB9E = {
			isa = PBXGroup;
			children = (
				503A99B021A917880026BB9E /* Concentration */,
				503A99C521A9178A0026BB9E /* ConcentrationTests */,
				503A99D021A9178A0026BB9E /* ConcentrationUITests */,
				503A99AF21A917880026BB9E /* Products */,
			);
			sourceTree = "<group>";
		};
		503A99AF21A917880026BB9E /* Products */ = {
			isa = PBXGroup;
			children = (
				503A99AE21A917880026BB9E /* Concentration.app */,
				503A99C221A9178A0026BB9E /* ConcentrationTests.xctest */,
				503A99CD21A9178A0026BB9E /* ConcentrationUITests.xctest */,
			);
			name = Products;
			sourceTree = "<group>";
		};
		503A99B021A917880026BB9E /* Concentration */ = {
			isa = PBXGroup;
			children = (
				503A99B321A917880026BB9E /* ViewController.swift */,
				503A99E021AEE09E0026BB9E /* Concentration.swift */,
				503A99E221AEE0A90026BB9E /* Card.swift */,
				503A99B521A917880026BB9E /* Main.storyboard */,
				503A99DF21A91A020026BB9E /* Supporting Files */,
				503A99BD21A9178A0026BB9E /* Info.plist */,
			);
			path = Concentration;
			sourceTree = "<group>";
		};
		503A99C521A9178A0026BB9E /* ConcentrationTests */ = {
			isa = PBXGroup;
			children = (
				503A99C621A9178A0026BB9E /* ConcentrationTests.swift */,
				503A99C821A9178A0026BB9E /* Info.plist */,
			);
			path = ConcentrationTests;
			sourceTree = "<group>";
		};
		503A99D021A9178A0026BB9E /* ConcentrationUITests */ = {
			isa = PBXGroup;
			children = (
				503A99D121A9178A0026BB9E /* ConcentrationUITests.swift */,
				503A99D321A9178A0026BB9E /* Info.plist */,
			);
			path = ConcentrationUITests;
			sourceTree = "<group>";
		};
		503A99DF21A91A020026BB9E /* Supporting Files */ = {
			isa = PBXGroup;
			children = (
				503A99B121A917880026BB9E /* AppDelegate.swift */,
				503A99B821A9178A0026BB9E /* Assets.xcassets */,
				503A99BA21A9178A0026BB9E /* LaunchScreen.storyboard */,
			);
			path = "Supporting Files";
			sourceTree = "<group>";
		};
/* End PBXGroup section */

/* Begin PBXNativeTarget section */
		503A99AD21A917880026BB9E /* Concentration */ = {
			isa = PBXNativeTarget;
			buildConfigurationList = 503A99D621A9178A0026BB9E /* Build configuration list for PBXNativeTarget "Concentration" */;
			buildPhases = (
				503A99AA21A917880026BB9E /* Sources */,
				503A99AB21A917880026BB9E /* Frameworks */,
				503A99AC21A917880026BB9E /* Resources */,
			);
			buildRules = (
			);
			dependencies = (
			);
			name = Concentration;
			productName = Concentration;
			productReference = 503A99AE21A917880026BB9E /* Concentration.app */;
			productType = "com.apple.product-type.application";
		};
		503A99C121A9178A0026BB9E /* ConcentrationTests */ = {
			isa = PBXNativeTarget;
			buildConfigurationList = 503A99D921A9178A0026BB9E /* Build configuration list for PBXNativeTarget "ConcentrationTests" */;
			buildPhases = (
				503A99BE21A9178A0026BB9E /* Sources */,
				503A99BF21A9178A0026BB9E /* Frameworks */,
				503A99C021A9178A0026BB9E /* Resources */,
			);
			buildRules = (
			);
			dependencies = (
				503A99C421A9178A0026BB9E /* PBXTargetDependency */,
			);
			name = ConcentrationTests;
			productName = ConcentrationTests;
			productReference = 503A99C221A9178A0026BB9E /* ConcentrationTests.xctest */;
			productType = "com.apple.product-type.bundle.unit-test";
		};
		503A99CC21A9178A0026BB9E /* ConcentrationUITests */ = {
			isa = PBXNativeTarget;
			buildConfigurationList = 503A99DC21A9178A0026BB9E /* Build configuration list for PBXNativeTarget "ConcentrationUITests" */;
			buildPhases = (
				503A99C921A9178A0026BB9E /* Sources */,
				503A99CA21A9178A0026BB9E /* Frameworks */,
				503A99CB21A9178A0026BB9E /* Resources */,
			);
			buildRules = (
			);
			dependencies = (
				503A99CF21A9178A0026BB9E /* PBXTargetDependency */,
			);
			name = ConcentrationUITests;
			productName = ConcentrationUITests;
			productReference = 503A99CD21A9178A0026BB9E /* ConcentrationUITests.xctest */;
			productType = "com.apple.product-type.bundle.ui-testing";
		};
/* End PBXNativeTarget section */

/* Begin PBXProject section */
		503A99A621A917880026BB9E /* Project object */ = {
			isa = PBXProject;
			attributes = {
				LastSwiftUpdateCheck = 1010;
				LastUpgradeCheck = 1010;
				ORGANIZATIONNAME = hedong;
				TargetAttributes = {
					503A99AD21A917880026BB9E = {
						CreatedOnToolsVersion = 10.1;
					};
					503A99C121A9178A0026BB9E = {
						CreatedOnToolsVersion = 10.1;
						TestTargetID = 503A99AD21A917880026BB9E;
					};
					503A99CC21A9178A0026BB9E = {
						CreatedOnToolsVersion = 10.1;
						TestTargetID = 503A99AD21A917880026BB9E;
					};
				};
			};
			buildConfigurationList = 503A99A921A917880026BB9E /* Build configuration list for PBXProject "Concentration" */;
			compatibilityVersion = "Xcode 9.3";
			developmentRegion = en;
			hasScannedForEncodings = 0;
			knownRegions = (
				en,
				Base,
			);
			mainGroup = 503A99A521A917880026BB9E;
			productRefGroup = 503A99AF21A917880026BB9E /* Products */;
			projectDirPath = "";
			projectRoot = "";
			targets = (
				503A99AD21A917880026BB9E /* Concentration */,
				503A99C121A9178A0026BB9E /* ConcentrationTests */,
				503A99CC21A9178A0026BB9E /* ConcentrationUITests */,
			);
		};
/* End PBXProject section */

/* Begin PBXResourcesBuildPhase section */
		503A99AC21A917880026BB9E /* Resources */ = {
			isa = PBXResourcesBuildPhase;
			buildActionMask = 2147483647;
			files = (
				503A99BC21A9178A0026BB9E /* LaunchScreen.storyboard in Resources */,
				503A99B921A9178A0026BB9E /* Assets.xcassets in Resources */,
				503A99B721A917880026BB9E /* Main.storyboard in Resources */,
			);
			runOnlyForDeploymentPostprocessing = 0;
		};
		503A99C021A9178A0026BB9E /* Resources */ = {
			isa = PBXResourcesBuildPhase;
			buildActionMask = 2147483647;
			files = (
			);
			runOnlyForDeploymentPostprocessing = 0;
		};
		503A99CB21A9178A0026BB9E /* Resources */ = {
			isa = PBXResourcesBuildPhase;
			buildActionMask = 2147483647;
			files = (
			);
			runOnlyForDeploymentPostprocessing = 0;
		};
/* End PBXResourcesBuildPhase section */

/* Begin PBXSourcesBuildPhase section */
		503A99AA21A917880026BB9E /* Sources */ = {
			isa = PBXSourcesBuildPhase;
			buildActionMask = 2147483647;
			files = (
				503A99B421A917880026BB9E /* ViewController.swift in Sources */,
				503A99B221A917880026BB9E /* AppDelegate.swift in Sources */,
				503A99E121AEE09E0026BB9E /* Concentration.swift in Sources */,
				503A99E321AEE0A90026BB9E /* Card.swift in Sources */,
			);
			runOnlyForDeploymentPostprocessing = 0;
		};
		503A99BE21A9178A0026BB9E /* Sources */ = {
			isa = PBXSourcesBuildPhase;
			buildActionMask = 2147483647;
			files = (
				503A99C721A9178A0026BB9E /* ConcentrationTests.swift in Sources */,
			);
			runOnlyForDeploymentPostprocessing = 0;
		};
		503A99C921A9178A0026BB9E /* Sources */ = {
			isa = PBXSourcesBuildPhase;
			buildActionMask = 2147483647;
			files = (
				503A99D221A9178A0026BB9E /* ConcentrationUITests.swift in Sources */,
			);
			runOnlyForDeploymentPostprocessing = 0;
		};
/* End PBXSourcesBuildPhase section */

/* Begin PBXTargetDependency section */
		503A99C421A9178A0026BB9E /* PBXTargetDependency */ = {
			isa = PBXTargetDependency;
			target = 503A99AD21A917880026BB9E /* Concentration */;
			targetProxy = 503A99C321A9178A0026BB9E /* PBXContainerItemProxy */;
		};
		503A99CF21A9178A0026BB9E /* PBXTargetDependency */ = {
			isa = PBXTargetDependency;
			target = 503A99AD21A917880026BB9E /* Concentration */;
			targetProxy = 503A99CE21A9178A0026BB9E /* PBXContainerItemProxy */;
		};
/* End PBXTargetDependency section */

/* Begin PBXVariantGroup section */
		503A99B521A917880026BB9E /* Main.storyboard */ = {
			isa = PBXVariantGroup;
			children = (
				503A99B621A917880026BB9E /* Base */,
			);
			name = Main.storyboard;
			sourceTree = "<group>";
		};
		503A99BA21A9178A0026BB9E /* LaunchScreen.storyboard */ = {
			isa = PBXVariantGroup;
			children = (
				503A99BB21A9178A0026BB9E /* Base */,
			);
			name = LaunchScreen.storyboard;
			sourceTree = "<group>";
		};
/* End PBXVariantGroup section */

/* Begin XCBuildConfiguration section */
		503A99D421A9178A0026BB9E /* Debug */ = {
			isa = XCBuildConfiguration;
			buildSettings = {
				ALWAYS_SEARCH_USER_PATHS = NO;
				CLANG_ANALYZER_NONNULL = YES;
				CLANG_ANALYZER_NUMBER_OBJECT_CONVERSION = YES_AGGRESSIVE;
				CLANG_CXX_LANGUAGE_STANDARD = "gnu++14";
				CLANG_CXX_LIBRARY = "libc++";
				CLANG_ENABLE_MODULES = YES;
				CLANG_ENABLE_OBJC_ARC = YES;
				CLANG_ENABLE_OBJC_WEAK = YES;
				CLANG_WARN_BLOCK_CAPTURE_AUTORELEASING = YES;
				CLANG_WARN_BOOL_CONVERSION = YES;
				CLANG_WARN_COMMA = YES;
				CLANG_WARN_CONSTANT_CONVERSION = YES;
				CLANG_WARN_DEPRECATED_OBJC_IMPLEMENTATIONS = YES;
				CLANG_WARN_DIRECT_OBJC_ISA_USAGE = YES_ERROR;
				CLANG_WARN_DOCUMENTATION_COMMENTS = YES;
				CLANG_WARN_EMPTY_BODY = YES;
				CLANG_WARN_ENUM_CONVERSION = YES;
				CLANG_WARN_INFINITE_RECURSION = YES;
				CLANG_WARN_INT_CONVERSION = YES;
				CLANG_WARN_NON_LITERAL_NULL_CONVERSION = YES;
				CLANG_WARN_OBJC_IMPLICIT_RETAIN_SELF = YES;
				CLANG_WARN_OBJC_LITERAL_CONVERSION = YES;
				CLANG_WARN_OBJC_ROOT_CLASS = YES_ERROR;
				CLANG_WARN_RANGE_LOOP_ANALYSIS = YES;
				CLANG_WARN_STRICT_PROTOTYPES = YES;
				CLANG_WARN_SUSPICIOUS_MOVE = YES;
				CLANG_WARN_UNGUARDED_AVAILABILITY = YES_AGGRESSIVE;
				CLANG_WARN_UNREACHABLE_CODE = YES;
				CLANG_WARN__DUPLICATE_METHOD_MATCH = YES;
				CODE_SIGN_IDENTITY = "iPhone Developer";
				COPY_PHASE_STRIP = NO;
				DEBUG_INFORMATION_FORMAT = dwarf;
				ENABLE_STRICT_OBJC_MSGSEND = YES;
				ENABLE_TESTABILITY = YES;
				GCC_C_LANGUAGE_STANDARD = gnu11;
				GCC_DYNAMIC_NO_PIC = NO;
				GCC_NO_COMMON_BLOCKS = YES;
				GCC_OPTIMIZATION_LEVEL = 0;
				GCC_PREPROCESSOR_DEFINITIONS = (
					"DEBUG=1",
					"$(inherited)",
				);
				GCC_WARN_64_TO_32_BIT_CONVERSION = YES;
				GCC_WARN_ABOUT_RETURN_TYPE = YES_ERROR;
				GCC_WARN_UNDECLARED_SELECTOR = YES;
				GCC_WARN_UNINITIALIZED_AUTOS = YES_AGGRESSIVE;
				GCC_WARN_UNUSED_FUNCTION = YES;
				GCC_WARN_UNUSED_VARIABLE = YES;
				IPHONEOS_DEPLOYMENT_TARGET = 12.1;
				MTL_ENABLE_DEBUG_INFO = INCLUDE_SOURCE;
				MTL_FAST_MATH = YES;
				ONLY_ACTIVE_ARCH = YES;
				SDKROOT = iphoneos;
				SWIFT_ACTIVE_COMPILATION_CONDITIONS = DEBUG;
				SWIFT_OPTIMIZATION_LEVEL = "-Onone";
			};
			name = Debug;
		};
		503A99D521A9178A0026BB9E /* Release */ = {
			isa = XCBuildConfiguration;
			buildSettings = {
				ALWAYS_SEARCH_USER_PATHS = NO;
				CLANG_ANALYZER_NONNULL = YES;
				CLANG_ANALYZER_NUMBER_OBJECT_CONVERSION = YES_AGGRESSIVE;
				CLANG_CXX_LANGUAGE_STANDARD = "gnu++14";
				CLANG_CXX_LIBRARY = "libc++";
				CLANG_ENABLE_MODULES = YES;
				CLANG_ENABLE_OBJC_ARC = YES;
				CLANG_ENABLE_OBJC_WEAK = YES;
				CLANG_WARN_BLOCK_CAPTURE_AUTORELEASING = YES;
				CLANG_WARN_BOOL_CONVERSION = YES;
				CLANG_WARN_COMMA = YES;
				CLANG_WARN_CONSTANT_CONVERSION = YES;
				CLANG_WARN_DEPRECATED_OBJC_IMPLEMENTATIONS = YES;
				CLANG_WARN_DIRECT_OBJC_ISA_USAGE = YES_ERROR;
				CLANG_WARN_DOCUMENTATION_COMMENTS = YES;
				CLANG_WARN_EMPTY_BODY = YES;
				CLANG_WARN_ENUM_CONVERSION = YES;
				CLANG_WARN_INFINITE_RECURSION = YES;
				CLANG_WARN_INT_CONVERSION = YES;
				CLANG_WARN_NON_LITERAL_NULL_CONVERSION = YES;
				CLANG_WARN_OBJC_IMPLICIT_RETAIN_SELF = YES;
				CLANG_WARN_OBJC_LITERAL_CONVERSION = YES;
				CLANG_WARN_OBJC_ROOT_CLASS = YES_ERROR;
				CLANG_WARN_RANGE_LOOP_ANALYSIS = YES;
				CLANG_WARN_STRICT_PROTOTYPES = YES;
				CLANG_WARN_SUSPICIOUS_MOVE = YES;
				CLANG_WARN_UNGUARDED_AVAILABILITY = YES_AGGRESSIVE;
				CLANG_WARN_UNREACHABLE_CODE = YES;
				CLANG_WARN__DUPLICATE_METHOD_MATCH = YES;
				CODE_SIGN_IDENTITY = "iPhone Developer";
				COPY_PHASE_STRIP = NO;
				DEBUG_INFORMATION_FORMAT = "dwarf-with-dsym";
				ENABLE_NS_ASSERTIONS = NO;
				ENABLE_STRICT_OBJC_MSGSEND = YES;
				GCC_C_LANGUAGE_STANDARD = gnu11;
				GCC_NO_COMMON_BLOCKS = YES;
				GCC_WARN_64_TO_32_BIT_CONVERSION = YES;
				GCC_WARN_ABOUT_RETURN_TYPE = YES_ERROR;
				GCC_WARN_UNDECLARED_SELECTOR = YES;
				GCC_WARN_UNINITIALIZED_AUTOS = YES_AGGRESSIVE;
				GCC_WARN_UNUSED_FUNCTION = YES;
				GCC_WARN_UNUSED_VARIABLE = YES;
				IPHONEOS_DEPLOYMENT_TARGET = 12.1;
				MTL_ENABLE_DEBUG_INFO = NO;
				MTL_FAST_MATH = YES;
				SDKROOT = iphoneos;
				SWIFT_COMPILATION_MODE = wholemodule;
				SWIFT_OPTIMIZATION_LEVEL = "-O";
				VALIDATE_PRODUCT = YES;
			};
			name = Release;
		};
		503A99D721A9178A0026BB9E /* Debug */ = {
			isa = XCBuildConfiguration;
			buildSettings = {
				ASSETCATALOG_COMPILER_APPICON_NAME = AppIcon;
				CODE_SIGN_STYLE = Automatic;
				DEVELOPMENT_TEAM = M5RLG6N3T7;
				INFOPLIST_FILE = Concentration/Info.plist;
				LD_RUNPATH_SEARCH_PATHS = (
					"$(inherited)",
					"@executable_path/Frameworks",
				);
				PRODUCT_BUNDLE_IDENTIFIER = com.younghedong.Concentration;
				PRODUCT_NAME = "$(TARGET_NAME)";
				SWIFT_VERSION = 4.2;
				TARGETED_DEVICE_FAMILY = "1,2";
			};
			name = Debug;
		};
		503A99D821A9178A0026BB9E /* Release */ = {
			isa = XCBuildConfiguration;
			buildSettings = {
				ASSETCATALOG_COMPILER_APPICON_NAME = AppIcon;
				CODE_SIGN_STYLE = Automatic;
				DEVELOPMENT_TEAM = M5RLG6N3T7;
				INFOPLIST_FILE = Concentration/Info.plist;
				LD_RUNPATH_SEARCH_PATHS = (
					"$(inherited)",
					"@executable_path/Frameworks",
				);
				PRODUCT_BUNDLE_IDENTIFIER = com.younghedong.Concentration;
				PRODUCT_NAME = "$(TARGET_NAME)";
				SWIFT_VERSION = 4.2;
				TARGETED_DEVICE_FAMILY = "1,2";
			};
			name = Release;
		};
		503A99DA21A9178A0026BB9E /* Debug */ = {
			isa = XCBuildConfiguration;
			buildSettings = {
				ALWAYS_EMBED_SWIFT_STANDARD_LIBRARIES = YES;
				BUNDLE_LOADER = "$(TEST_HOST)";
				CODE_SIGN_STYLE = Automatic;
				DEVELOPMENT_TEAM = M5RLG6N3T7;
				INFOPLIST_FILE = ConcentrationTests/Info.plist;
				LD_RUNPATH_SEARCH_PATHS = (
					"$(inherited)",
					"@executable_path/Frameworks",
					"@loader_path/Frameworks",
				);
				PRODUCT_BUNDLE_IDENTIFIER = com.younghedong.ConcentrationTests;
				PRODUCT_NAME = "$(TARGET_NAME)";
				SWIFT_VERSION = 4.2;
				TARGETED_DEVICE_FAMILY = "1,2";
				TEST_HOST = "$(BUILT_PRODUCTS_DIR)/Concentration.app/Concentration";
			};
			name = Debug;
		};
		503A99DB21A9178A0026BB9E /* Release */ = {
			isa = XCBuildConfiguration;
			buildSettings = {
				ALWAYS_EMBED_SWIFT_STANDARD_LIBRARIES = YES;
				BUNDLE_LOADER = "$(TEST_HOST)";
				CODE_SIGN_STYLE = Automatic;
				DEVELOPMENT_TEAM = M5RLG6N3T7;
				INFOPLIST_FILE = ConcentrationTests/Info.plist;
				LD_RUNPATH_SEARCH_PATHS = (
					"$(inherited)",
					"@executable_path/Frameworks",
					"@loader_path/Frameworks",
				);
				PRODUCT_BUNDLE_IDENTIFIER = com.younghedong.ConcentrationTests;
				PRODUCT_NAME = "$(TARGET_NAME)";
				SWIFT_VERSION = 4.2;
				TARGETED_DEVICE_FAMILY = "1,2";
				TEST_HOST = "$(BUILT_PRODUCTS_DIR)/Concentration.app/Concentration";
			};
			name = Release;
		};
		503A99DD21A9178A0026BB9E /* Debug */ = {
			isa = XCBuildConfiguration;
			buildSettings = {
				ALWAYS_EMBED_SWIFT_STANDARD_LIBRARIES = YES;
				CODE_SIGN_STYLE = Automatic;
				DEVELOPMENT_TEAM = M5RLG6N3T7;
				INFOPLIST_FILE = ConcentrationUITests/Info.plist;
				LD_RUNPATH_SEARCH_PATHS = (
					"$(inherited)",
					"@executable_path/Frameworks",
					"@loader_path/Frameworks",
				);
				PRODUCT_BUNDLE_IDENTIFIER = com.younghedong.ConcentrationUITests;
				PRODUCT_NAME = "$(TARGET_NAME)";
				SWIFT_VERSION = 4.2;
				TARGETED_DEVICE_FAMILY = "1,2";
				TEST_TARGET_NAME = Concentration;
			};
			name = Debug;
		};
		503A99DE21A9178A0026BB9E /* Release */ = {
			isa = XCBuildConfiguration;
			buildSettings = {
				ALWAYS_EMBED_SWIFT_STANDARD_LIBRARIES = YES;
				CODE_SIGN_STYLE = Automatic;
				DEVELOPMENT_TEAM = M5RLG6N3T7;
				INFOPLIST_FILE = ConcentrationUITests/Info.plist;
				LD_RUNPATH_SEARCH_PATHS = (
					"$(inherited)",
					"@executable_path/Frameworks",
					"@loader_path/Frameworks",
				);
				PRODUCT_BUNDLE_IDENTIFIER = com.younghedong.ConcentrationUITests;
				PRODUCT_NAME = "$(TARGET_NAME)";
				SWIFT_VERSION = 4.2;
				TARGETED_DEVICE_FAMILY = "1,2";
				TEST_TARGET_NAME = Concentration;
			};
			name = Release;
		};
/* End XCBuildConfiguration section */

/* Begin XCConfigurationList section */
		503A99A921A917880026BB9E /* Build configuration list for PBXProject "Concentration" */ = {
			isa = XCConfigurationList;
			buildConfigurations = (
				503A99D421A9178A0026BB9E /* Debug */,
				503A99D521A9178A0026BB9E /* Release */,
			);
			defaultConfigurationIsVisible = 0;
			defaultConfigurationName = Release;
		};
		503A99D621A9178A0026BB9E /* Build configuration list for PBXNativeTarget "Concentration" */ = {
			isa = XCConfigurationList;
			buildConfigurations = (
				503A99D721A9178A0026BB9E /* Debug */,
				503A99D821A9178A0026BB9E /* Release */,
			);
			defaultConfigurationIsVisible = 0;
			defaultConfigurationName = Release;
		};
		503A99D921A9178A0026BB9E /* Build configuration list for PBXNativeTarget "ConcentrationTests" */ = {
			isa = XCConfigurationList;
			buildConfigurations = (
				503A99DA21A9178A0026BB9E /* Debug */,
				503A99DB21A9178A0026BB9E /* Release */,
			);
			defaultConfigurationIsVisible = 0;
			defaultConfigurationName = Release;
		};
		503A99DC21A9178A0026BB9E /* Build configuration list for PBXNativeTarget "ConcentrationUITests" */ = {
			isa = XCConfigurationList;
			buildConfigurations = (
				503A99DD21A9178A0026BB9E /* Debug */,
				503A99DE21A9178A0026BB9E /* Release */,
			);
			defaultConfigurationIsVisible = 0;
			defaultConfigurationName = Release;
		};
/* End XCConfigurationList section */
	};
	rootObject = 503A99A621A917880026BB9E /* Project object */;
}
